<?xml version="1.0" encoding="UTF-8"?>
<Scheme
   LastUpgradeVersion = "9999"
   version = "1.3">
   <BuildAction
      parallelizeBuildables = "YES"
      buildImplicitDependencies = "YES">
      <BuildActionEntries>
         <BuildActionEntry
            buildForTesting = "YES"
            buildForRunning = "YES"
            buildForProfiling = "YES"
            buildForArchiving = "YES"
            buildForAnalyzing = "YES">
            <BuildableReference
               BuildableIdentifier = "primary"
               BlueprintIdentifier = "gwyoga::GWYoga"
               BuildableName = "GWYoga.framework"
               BlueprintName = "GWYoga"
               ReferencedContainer = "container:GWYoga.xcodeproj">
            </BuildableReference>
         </BuildActionEntry>
         <BuildActionEntry
            buildForTesting = "YES"
            buildForRunning = "YES"
            buildForProfiling = "YES"
            buildForArchiving = "YES"
            buildForAnalyzing = "YES">
            <BuildableReference
               BuildableIdentifier = "primary"
               BlueprintIdentifier = "gwyoga::GWYogaDemo"
               BuildableName = "GWYogaDemo"
               BlueprintName = "GWYogaDemo"
               ReferencedContainer = "container:GWYoga.xcodeproj">
            </BuildableReference>
         </BuildActionEntry>
         <BuildActionEntry
            buildForTesting = "YES"
            buildForRunning = "YES"
            buildForProfiling = "YES"
            buildForArchiving = "YES"
            buildForAnalyzing = "YES">
            <BuildableReference
               BuildableIdentifier = "primary"
               BlueprintIdentifier = "gwyoga::GWYogaKit"
               BuildableName = "GWYogaKit.framework"
               BlueprintName = "GWYogaKit"
               ReferencedContainer = "container:GWYoga.xcodeproj">
            </BuildableReference>
         </BuildActionEntry>
         <BuildActionEntry
            buildForTesting = "YES"
            buildForRunning = "YES"
            buildForProfiling = "YES"
            buildForArchiving = "YES"
            buildForAnalyzing = "YES">
            <BuildableReference
               BuildableIdentifier = "primary"
               BlueprintIdentifier = "gwyoga::GWYogaKitAnimation"
               BuildableName = "GWYogaKitAnimation.framework"
               BlueprintName = "GWYogaKitAnimation"
               ReferencedContainer = "container:GWYoga.xcodeproj">
            </BuildableReference>
         </BuildActionEntry>
         <BuildActionEntry
            buildForTesting = "YES"
            buildForRunning = "YES"
            buildForProfiling = "YES"
            buildForArchiving = "YES"
            buildForAnalyzing = "YES">
            <BuildableReference
               BuildableIdentifier = "primary"
               BlueprintIdentifier = "gwyoga::GWYogaKitAnimationObjCCore"
               BuildableName = "GWYogaKitAnimationObjCCore.framework"
               BlueprintName = "GWYogaKitAnimationObjCCore"
               ReferencedContainer = "container:GWYoga.xcodeproj">
            </BuildableReference>
         </BuildActionEntry>
         <BuildActionEntry
            buildForTesting = "YES"
            buildForRunning = "YES"
            buildForProfiling = "YES"
            buildForArchiving = "YES"
            buildForAnalyzing = "YES">
            <BuildableReference
               BuildableIdentifier = "primary"
               BlueprintIdentifier = "gwyoga::GWYogaKitDSL"
               BuildableName = "GWYogaKitDSL.framework"
               BlueprintName = "GWYogaKitDSL"
               ReferencedContainer = "container:GWYoga.xcodeproj">
            </BuildableReference>
         </BuildActionEntry>
         <BuildActionEntry
            buildForTesting = "YES"
            buildForRunning = "YES"
            buildForProfiling = "YES"
            buildForArchiving = "YES"
            buildForAnalyzing = "YES">
            <BuildableReference
               BuildableIdentifier = "primary"
               BlueprintIdentifier = "gwyoga::GWYogaKitDSLObjCCore"
               BuildableName = "GWYogaKitDSLObjCCore.framework"
               BlueprintName = "GWYogaKitDSLObjCCore"
               ReferencedContainer = "container:GWYoga.xcodeproj">
            </BuildableReference>
         </BuildActionEntry>
         <BuildActionEntry
            buildForTesting = "YES"
            buildForRunning = "YES"
            buildForProfiling = "YES"
            buildForArchiving = "YES"
            buildForAnalyzing = "YES">
            <BuildableReference
               BuildableIdentifier = "primary"
               BlueprintIdentifier = "gwyoga::GWYogaKitHTML"
               BuildableName = "GWYogaKitHTML.framework"
               BlueprintName = "GWYogaKitHTML"
               ReferencedContainer = "container:GWYoga.xcodeproj">
            </BuildableReference>
         </BuildActionEntry>
         <BuildActionEntry
            buildForTesting = "YES"
            buildForRunning = "YES"
            buildForProfiling = "YES"
            buildForArchiving = "YES"
            buildForAnalyzing = "YES">
            <BuildableReference
               BuildableIdentifier = "primary"
               BlueprintIdentifier = "gwyoga::GWYogaKitHTMLObjCCore"
               BuildableName = "GWYogaKitHTMLObjCCore.framework"
               BlueprintName = "GWYogaKitHTMLObjCCore"
               ReferencedContainer = "container:GWYoga.xcodeproj">
            </BuildableReference>
         </BuildActionEntry>
         <BuildActionEntry
            buildForTesting = "YES"
            buildForRunning = "YES"
            buildForProfiling = "YES"
            buildForArchiving = "YES"
            buildForAnalyzing = "YES">
            <BuildableReference
               BuildableIdentifier = "primary"
               BlueprintIdentifier = "gwyoga::GWYogaKitLayoutCache"
               BuildableName = "GWYogaKitLayoutCache.framework"
               BlueprintName = "GWYogaKitLayoutCache"
               ReferencedContainer = "container:GWYoga.xcodeproj">
            </BuildableReference>
         </BuildActionEntry>
         <BuildActionEntry
            buildForTesting = "YES"
            buildForRunning = "YES"
            buildForProfiling = "YES"
            buildForArchiving = "YES"
            buildForAnalyzing = "YES">
            <BuildableReference
               BuildableIdentifier = "primary"
               BlueprintIdentifier = "gwyoga::GWYogaKitLayoutCacheObjCCore"
               BuildableName = "GWYogaKitLayoutCacheObjCCore.framework"
               BlueprintName = "GWYogaKitLayoutCacheObjCCore"
               ReferencedContainer = "container:GWYoga.xcodeproj">
            </BuildableReference>
         </BuildActionEntry>
         <BuildActionEntry
            buildForTesting = "YES"
            buildForRunning = "YES"
            buildForProfiling = "YES"
            buildForArchiving = "YES"
            buildForAnalyzing = "YES">
            <BuildableReference
               BuildableIdentifier = "primary"
               BlueprintIdentifier = "gwyoga::GWYogaKitObjCCore"
               BuildableName = "GWYogaKitObjCCore.framework"
               BlueprintName = "GWYogaKitObjCCore"
               ReferencedContainer = "container:GWYoga.xcodeproj">
            </BuildableReference>
         </BuildActionEntry>
         <BuildActionEntry
            buildForTesting = "YES"
            buildForRunning = "YES"
            buildForProfiling = "YES"
            buildForArchiving = "YES"
            buildForAnalyzing = "YES">
            <BuildableReference
               BuildableIdentifier = "primary"
               BlueprintIdentifier = "gwyoga::GWYogaKitStylesheet"
               BuildableName = "GWYogaKitStylesheet.framework"
               BlueprintName = "GWYogaKitStylesheet"
               ReferencedContainer = "container:GWYoga.xcodeproj">
            </BuildableReference>
         </BuildActionEntry>
         <BuildActionEntry
            buildForTesting = "YES"
            buildForRunning = "YES"
            buildForProfiling = "YES"
            buildForArchiving = "YES"
            buildForAnalyzing = "YES">
            <BuildableReference
               BuildableIdentifier = "primary"
               BlueprintIdentifier = "gwyoga::GWYogaKitStylesheetObjCCore"
               BuildableName = "GWYogaKitStylesheetObjCCore.framework"
               BlueprintName = "GWYogaKitStylesheetObjCCore"
               ReferencedContainer = "container:GWYoga.xcodeproj">
            </BuildableReference>
         </BuildActionEntry>
      </BuildActionEntries>
   </BuildAction>
   <TestAction
      buildConfiguration = "Debug"
      selectedDebuggerIdentifier = "Xcode.DebuggerFoundation.Debugger.LLDB"
      selectedLauncherIdentifier = "Xcode.DebuggerFoundation.Launcher.LLDB"
      shouldUseLaunchSchemeArgsEnv = "YES">
      <Testables>
         <TestableReference
            skipped = "NO">
            <BuildableReference
               BuildableIdentifier = "primary"
               BlueprintIdentifier = "gwyoga::GWYogaAPIDemo"
               BuildableName = "GWYogaAPIDemo.xctest"
               BlueprintName = "GWYogaAPIDemo"
               ReferencedContainer = "container:GWYoga.xcodeproj">
            </BuildableReference>
         </TestableReference>
         <TestableReference
            skipped = "NO">
            <BuildableReference
               BuildableIdentifier = "primary"
               BlueprintIdentifier = "gwyoga::GWYogaKitAnimationTests"
               BuildableName = "GWYogaKitAnimationTests.xctest"
               BlueprintName = "GWYogaKitAnimationTests"
               ReferencedContainer = "container:GWYoga.xcodeproj">
            </BuildableReference>
         </TestableReference>
         <TestableReference
            skipped = "NO">
            <BuildableReference
               BuildableIdentifier = "primary"
               BlueprintIdentifier = "gwyoga::GWYogaKitDSLTests"
               BuildableName = "GWYogaKitDSLTests.xctest"
               BlueprintName = "GWYogaKitDSLTests"
               ReferencedContainer = "container:GWYoga.xcodeproj">
            </BuildableReference>
         </TestableReference>
         <TestableReference
            skipped = "NO">
            <BuildableReference
               BuildableIdentifier = "primary"
               BlueprintIdentifier = "gwyoga::GWYogaKitHTMLTests"
               BuildableName = "GWYogaKitHTMLTests.xctest"
               BlueprintName = "GWYogaKitHTMLTests"
               ReferencedContainer = "container:GWYoga.xcodeproj">
            </BuildableReference>
         </TestableReference>
         <TestableReference
            skipped = "NO">
            <BuildableReference
               BuildableIdentifier = "primary"
               BlueprintIdentifier = "gwyoga::GWYogaKitLayoutCacheTests"
               BuildableName = "GWYogaKitLayoutCacheTests.xctest"
               BlueprintName = "GWYogaKitLayoutCacheTests"
               ReferencedContainer = "container:GWYoga.xcodeproj">
            </BuildableReference>
         </TestableReference>
         <TestableReference
            skipped = "NO">
            <BuildableReference
               BuildableIdentifier = "primary"
               BlueprintIdentifier = "gwyoga::GWYogaKitObjCTests"
               BuildableName = "GWYogaKitObjCTests.xctest"
               BlueprintName = "GWYogaKitObjCTests"
               ReferencedContainer = "container:GWYoga.xcodeproj">
            </BuildableReference>
         </TestableReference>
         <TestableReference
            skipped = "NO">
            <BuildableReference
               BuildableIdentifier = "primary"
               BlueprintIdentifier = "gwyoga::GWYogaKitStylesheetTests"
               BuildableName = "GWYogaKitStylesheetTests.xctest"
               BlueprintName = "GWYogaKitStylesheetTests"
               ReferencedContainer = "container:GWYoga.xcodeproj">
            </BuildableReference>
         </TestableReference>
         <TestableReference
            skipped = "NO">
            <BuildableReference
               BuildableIdentifier = "primary"
               BlueprintIdentifier = "gwyoga::GWYogaKitTests"
               BuildableName = "GWYogaKitTests.xctest"
               BlueprintName = "GWYogaKitTests"
               ReferencedContainer = "container:GWYoga.xcodeproj">
            </BuildableReference>
         </TestableReference>
         <TestableReference
            skipped = "NO">
            <BuildableReference
               BuildableIdentifier = "primary"
               BlueprintIdentifier = "gwyoga::GWYogaTests"
               BuildableName = "GWYogaTests.xctest"
               BlueprintName = "GWYogaTests"
               ReferencedContainer = "container:GWYoga.xcodeproj">
            </BuildableReference>
         </TestableReference>
      </Testables>
   </TestAction>
   <LaunchAction
      buildConfiguration = "Debug"
      selectedDebuggerIdentifier = "Xcode.DebuggerFoundation.Debugger.LLDB"
      selectedLauncherIdentifier = "Xcode.DebuggerFoundation.Launcher.LLDB"
      launchStyle = "0"
      useCustomWorkingDirectory = "NO"
      ignoresPersistentStateOnLaunch = "NO"
      debugDocumentVersioning = "YES"
      debugServiceExtension = "internal"
      allowLocationSimulation = "YES">
   </LaunchAction>
   <ProfileAction
      buildConfiguration = "Release"
      shouldUseLaunchSchemeArgsEnv = "YES"
      savedToolIdentifier = ""
      useCustomWorkingDirectory = "NO"
      debugDocumentVersioning = "YES">
   </ProfileAction>
   <AnalyzeAction
      buildConfiguration = "Debug">
   </AnalyzeAction>
   <ArchiveAction
      buildConfiguration = "Release"
      revealArchiveInOrganizer = "YES">
   </ArchiveAction>
</Scheme>
