<?xml version="1.0" encoding="UTF-8"?>
<Scheme
   LastUpgradeVersion = "9999"
   version = "1.3">
   <BuildAction
      parallelizeBuildables = "YES"
      buildImplicitDependencies = "YES">
      <BuildActionEntries>
         <BuildActionEntry
            buildForTesting = "YES"
            buildForRunning = "YES"
            buildForProfiling = "YES"
            buildForArchiving = "YES"
            buildForAnalyzing = "YES">
            <BuildableReference
               BuildableIdentifier = "primary"
               BlueprintIdentifier = "gwyoga::GWYogaDemo"
               BuildableName = "GWYogaDemo"
               BlueprintName = "GWYogaDemo"
               ReferencedContainer = "container:GWYoga.xcodeproj">
            </BuildableReference>
         </BuildActionEntry>
      </BuildActionEntries>
   </BuildAction>
   <TestAction
      buildConfiguration = "Debug"
      selectedDebuggerIdentifier = "Xcode.DebuggerFoundation.Debugger.LLDB"
      selectedLauncherIdentifier = "Xcode.DebuggerFoundation.Launcher.LLDB"
      shouldUseLaunchSchemeArgsEnv = "YES">
      <Testables>
         <TestableReference
            skipped = "NO">
            <BuildableReference
               BuildableIdentifier = "primary"
               BlueprintIdentifier = "gwyoga::GWYogaAPIDemo"
               BuildableName = "GWYogaAPIDemo.xctest"
               BlueprintName = "GWYogaAPIDemo"
               ReferencedContainer = "container:GWYoga.xcodeproj">
            </BuildableReference>
         </TestableReference>
         <TestableReference
            skipped = "NO">
            <BuildableReference
               BuildableIdentifier = "primary"
               BlueprintIdentifier = "gwyoga::GWYogaKitAnimationTests"
               BuildableName = "GWYogaKitAnimationTests.xctest"
               BlueprintName = "GWYogaKitAnimationTests"
               ReferencedContainer = "container:GWYoga.xcodeproj">
            </BuildableReference>
         </TestableReference>
         <TestableReference
            skipped = "NO">
            <BuildableReference
               BuildableIdentifier = "primary"
               BlueprintIdentifier = "gwyoga::GWYogaKitDSLTests"
               BuildableName = "GWYogaKitDSLTests.xctest"
               BlueprintName = "GWYogaKitDSLTests"
               ReferencedContainer = "container:GWYoga.xcodeproj">
            </BuildableReference>
         </TestableReference>
         <TestableReference
            skipped = "NO">
            <BuildableReference
               BuildableIdentifier = "primary"
               BlueprintIdentifier = "gwyoga::GWYogaKitHTMLTests"
               BuildableName = "GWYogaKitHTMLTests.xctest"
               BlueprintName = "GWYogaKitHTMLTests"
               ReferencedContainer = "container:GWYoga.xcodeproj">
            </BuildableReference>
         </TestableReference>
         <TestableReference
            skipped = "NO">
            <BuildableReference
               BuildableIdentifier = "primary"
               BlueprintIdentifier = "gwyoga::GWYogaKitLayoutCacheTests"
               BuildableName = "GWYogaKitLayoutCacheTests.xctest"
               BlueprintName = "GWYogaKitLayoutCacheTests"
               ReferencedContainer = "container:GWYoga.xcodeproj">
            </BuildableReference>
         </TestableReference>
         <TestableReference
            skipped = "NO">
            <BuildableReference
               BuildableIdentifier = "primary"
               BlueprintIdentifier = "gwyoga::GWYogaKitObjCTests"
               BuildableName = "GWYogaKitObjCTests.xctest"
               BlueprintName = "GWYogaKitObjCTests"
               ReferencedContainer = "container:GWYoga.xcodeproj">
            </BuildableReference>
         </TestableReference>
         <TestableReference
            skipped = "NO">
            <BuildableReference
               BuildableIdentifier = "primary"
               BlueprintIdentifier = "gwyoga::GWYogaKitStylesheetTests"
               BuildableName = "GWYogaKitStylesheetTests.xctest"
               BlueprintName = "GWYogaKitStylesheetTests"
               ReferencedContainer = "container:GWYoga.xcodeproj">
            </BuildableReference>
         </TestableReference>
         <TestableReference
            skipped = "NO">
            <BuildableReference
               BuildableIdentifier = "primary"
               BlueprintIdentifier = "gwyoga::GWYogaKitTests"
               BuildableName = "GWYogaKitTests.xctest"
               BlueprintName = "GWYogaKitTests"
               ReferencedContainer = "container:GWYoga.xcodeproj">
            </BuildableReference>
         </TestableReference>
         <TestableReference
            skipped = "NO">
            <BuildableReference
               BuildableIdentifier = "primary"
               BlueprintIdentifier = "gwyoga::GWYogaTests"
               BuildableName = "GWYogaTests.xctest"
               BlueprintName = "GWYogaTests"
               ReferencedContainer = "container:GWYoga.xcodeproj">
            </BuildableReference>
         </TestableReference>
      </Testables>
   </TestAction>
   <LaunchAction
      buildConfiguration = "Debug"
      selectedDebuggerIdentifier = "Xcode.DebuggerFoundation.Debugger.LLDB"
      selectedLauncherIdentifier = "Xcode.DebuggerFoundation.Launcher.LLDB"
      launchStyle = "0"
      useCustomWorkingDirectory = "NO"
      ignoresPersistentStateOnLaunch = "NO"
      debugDocumentVersioning = "YES"
      debugServiceExtension = "internal"
      allowLocationSimulation = "YES">
      <BuildableProductRunnable
         runnableDebuggingMode = "0">
         <BuildableReference
            BuildableIdentifier = "primary"
            BlueprintIdentifier = "A9A41E6D4940C3747EB8FEB7"
            BuildableName = "GWYogaDemoApp.app"
            BlueprintName = "GWYogaDemoApp"
            ReferencedContainer = "container:GWYoga.xcodeproj">
         </BuildableReference>
      </BuildableProductRunnable>
      <MacroExpansion>
         <BuildableReference
            BuildableIdentifier = "primary"
            BlueprintIdentifier = "gwyoga::GWYogaDemo"
            BuildableName = "GWYogaDemo"
            BlueprintName = "GWYogaDemo"
            ReferencedContainer = "container:GWYoga.xcodeproj">
         </BuildableReference>
      </MacroExpansion>
   </LaunchAction>
   <ProfileAction
      buildConfiguration = "Release"
      shouldUseLaunchSchemeArgsEnv = "YES"
      savedToolIdentifier = ""
      useCustomWorkingDirectory = "NO"
      debugDocumentVersioning = "YES">
      <MacroExpansion>
         <BuildableReference
            BuildableIdentifier = "primary"
            BlueprintIdentifier = "gwyoga::GWYogaDemo"
            BuildableName = "GWYogaDemo"
            BlueprintName = "GWYogaDemo"
            ReferencedContainer = "container:GWYoga.xcodeproj">
         </BuildableReference>
      </MacroExpansion>
   </ProfileAction>
   <AnalyzeAction
      buildConfiguration = "Debug">
   </AnalyzeAction>
   <ArchiveAction
      buildConfiguration = "Release"
      revealArchiveInOrganizer = "YES">
   </ArchiveAction>
</Scheme>
