// !$*UTF8*$!
{
archiveVersion = 1;
objectVersion = 56;
objects = {
/* Begin PBXBuildFile section */
F6750BB1FBEE5BC90DD6BDBC = {isa = PBXBuildFile; fileRef = 207CA4381D0CFEC95263A2DE; };
13890C9E99C64C471FB341FE = {isa = PBXBuildFile; fileRef = 61E63BC8B948A5BBC74EBCAB; };
3F47A3DEF04676D78A9BC2BF = {isa = PBXBuildFile; fileRef = D0530F6D2E6FCB7D29EC48D0; };
FF6F4005A1ECB2DAA62D6EAF = {isa = PBXBuildFile; fileRef = BA87CF598EA1A9B7665BD01C; };
A7FB305DCA9533DDAE94C25F = {isa = PBXBuildFile; fileRef = 53C94D08660F7052D4EDAD9B; };
79B407264A172E71253B8F52 = {isa = PBXBuildFile; fileRef = 75F10E85030FE185C9134FD1; };
DB6A6CBFF89DEDE654533815 = {isa = PBXBuildFile; fileRef = 92571C38C9761492CC508BAC; };
BF82D915B433087E5F2962FD = {isa = PBXBuildFile; fileRef = E6B36A26A865E27868E8E10D; };
441069B3C1B0C39AC2A60B2E = {isa = PBXBuildFile; fileRef = B97CD2A092E1DAEE8D2F9A39; };
EB3B55FDD6DFE81736B5E21C = {isa = PBXBuildFile; fileRef = 80EF12E09A5625243296EA4A; };
C3A8FEF78F5A2333A38D3BF6 = {isa = PBXBuildFile; fileRef = 58D9599A1DA2F6731998F520; };
1069253A61331BF1CF5FDADF = {isa = PBXBuildFile; fileRef = 524C5F95B8EEA03A9006627C; };
CC17E7504094B54CBE960E57 = {isa = PBXBuildFile; productRef = 5963EC32EB729E7982FDAAD1; };
AC27DBA1B36F9006923EE7CC = {isa = PBXBuildFile; productRef = 6E20C339D2AE86A3754BDFE1; };
/* End PBXBuildFile section */
/* Begin PBXFileReference section */
207CA4381D0CFEC95263A2DE = {isa = PBXFileReference; lastKnownFileType = sourcecode.swift; path = "AppDelegate.swift"; sourceTree = "<group>"; };
61E63BC8B948A5BBC74EBCAB = {isa = PBXFileReference; lastKnownFileType = sourcecode.swift; path = "SceneDelegate.swift"; sourceTree = "<group>"; };
D0530F6D2E6FCB7D29EC48D0 = {isa = PBXFileReference; lastKnownFileType = sourcecode.swift; path = "DemoTabBarController.swift"; sourceTree = "<group>"; };
BA87CF598EA1A9B7665BD01C = {isa = PBXFileReference; lastKnownFileType = sourcecode.swift; path = "Helpers/YogaLayoutRenderer.swift"; sourceTree = "<group>"; };
53C94D08660F7052D4EDAD9B = {isa = PBXFileReference; lastKnownFileType = sourcecode.swift; path = "Demos/BaseDemoViewController.swift"; sourceTree = "<group>"; };
75F10E85030FE185C9134FD1 = {isa = PBXFileReference; lastKnownFileType = sourcecode.swift; path = "Demos/FlexboxDemoViewController.swift"; sourceTree = "<group>"; };
92571C38C9761492CC508BAC = {isa = PBXFileReference; lastKnownFileType = sourcecode.swift; path = "Demos/GridDemoViewController.swift"; sourceTree = "<group>"; };
E6B36A26A865E27868E8E10D = {isa = PBXFileReference; lastKnownFileType = sourcecode.swift; path = "Demos/MarginPaddingDemoViewController.swift"; sourceTree = "<group>"; };
B97CD2A092E1DAEE8D2F9A39 = {isa = PBXFileReference; lastKnownFileType = sourcecode.swift; path = "Demos/PositionDemoViewController.swift"; sourceTree = "<group>"; };
80EF12E09A5625243296EA4A = {isa = PBXFileReference; lastKnownFileType = sourcecode.swift; path = "Demos/GapDemoViewController.swift"; sourceTree = "<group>"; };
58D9599A1DA2F6731998F520 = {isa = PBXFileReference; lastKnownFileType = sourcecode.swift; path = "Demos/AspectRatioDemoViewController.swift"; sourceTree = "<group>"; };
524C5F95B8EEA03A9006627C = {isa = PBXFileReference; lastKnownFileType = sourcecode.swift; path = "Demos/CompositeDemoViewController.swift"; sourceTree = "<group>"; };
707A1B8AA6F495C9BF6658C2 = {isa = PBXFileReference; lastKnownFileType = text.plist.xml; path = Info.plist; sourceTree = "<group>"; };
2B32F328218E449DCE1110D9 = {isa = PBXFileReference; explicitFileType = "wrapper.application"; includeInIndex = 0; path = GWYogaDemoApp.app; sourceTree = BUILT_PRODUCTS_DIR; };
/* End PBXFileReference section */
/* Begin PBXFrameworksBuildPhase section */
DE1439ACCFCEB73E6F9981A5 = {isa = PBXFrameworksBuildPhase; buildActionMask = 2147483647; files = (CC17E7504094B54CBE960E57, AC27DBA1B36F9006923EE7CC); runOnlyForDeploymentPostprocessing = 0; };
/* End PBXFrameworksBuildPhase section */
/* Begin PBXGroup section */
8C4FDD7B635240BD562EBB49 = {isa = PBXGroup; children = (287BE755981C092238309A9A, B23D89B2D2DF3745A003AEB1); sourceTree = "<group>"; };
B23D89B2D2DF3745A003AEB1 = {isa = PBXGroup; children = (2B32F328218E449DCE1110D9); name = Products; sourceTree = "<group>"; };
287BE755981C092238309A9A = {isa = PBXGroup; children = (
207CA4381D0CFEC95263A2DE,
61E63BC8B948A5BBC74EBCAB,
D0530F6D2E6FCB7D29EC48D0,
BA87CF598EA1A9B7665BD01C,
53C94D08660F7052D4EDAD9B,
75F10E85030FE185C9134FD1,
92571C38C9761492CC508BAC,
E6B36A26A865E27868E8E10D,
B97CD2A092E1DAEE8D2F9A39,
80EF12E09A5625243296EA4A,
58D9599A1DA2F6731998F520,
524C5F95B8EEA03A9006627C,
707A1B8AA6F495C9BF6658C2,
); name = Sources; path = GWYogaDemoApp; sourceTree = "<group>"; };
/* End PBXGroup section */
/* Begin PBXNativeTarget section */
A9A41E6D4940C3747EB8FEB7 = {isa = PBXNativeTarget; buildConfigurationList = 9264D57D637312A9C39D45FC; buildPhases = (3B7DFB0747829707F437ED7F, DE1439ACCFCEB73E6F9981A5, 3519654520012F56AC9A0E86); buildRules = (); dependencies = (); name = GWYogaDemoApp; packageProductDependencies = (5963EC32EB729E7982FDAAD1, 6E20C339D2AE86A3754BDFE1); productName = GWYogaDemoApp; productReference = 2B32F328218E449DCE1110D9; productType = "com.apple.product-type.application"; };
/* End PBXNativeTarget section */
/* Begin PBXProject section */
63A9F0EA7BB98050796B649E = {isa = PBXProject; attributes = {LastSwiftUpdateCheck = 1500; LastUpgradeCheck = 1500; }; buildConfigurationList = 922D41B3256E9E46EDB76357; compatibilityVersion = "Xcode 14.0"; developmentRegion = en; hasScannedForEncodings = 0; knownRegions = (en, Base); mainGroup = 8C4FDD7B635240BD562EBB49; packageReferences = (011B82C029B392CF0E363268); productRefGroup = B23D89B2D2DF3745A003AEB1; projectDirPath = ""; targets = (A9A41E6D4940C3747EB8FEB7); };
/* End PBXProject section */
/* Begin PBXResourcesBuildPhase section */
3519654520012F56AC9A0E86 = {isa = PBXResourcesBuildPhase; buildActionMask = 2147483647; files = (); runOnlyForDeploymentPostprocessing = 0; };
/* End PBXResourcesBuildPhase section */
/* Begin PBXSourcesBuildPhase section */
3B7DFB0747829707F437ED7F = {isa = PBXSourcesBuildPhase; buildActionMask = 2147483647; files = (
F6750BB1FBEE5BC90DD6BDBC,
13890C9E99C64C471FB341FE,
3F47A3DEF04676D78A9BC2BF,
FF6F4005A1ECB2DAA62D6EAF,
A7FB305DCA9533DDAE94C25F,
79B407264A172E71253B8F52,
DB6A6CBFF89DEDE654533815,
BF82D915B433087E5F2962FD,
441069B3C1B0C39AC2A60B2E,
EB3B55FDD6DFE81736B5E21C,
C3A8FEF78F5A2333A38D3BF6,
1069253A61331BF1CF5FDADF,
); runOnlyForDeploymentPostprocessing = 0; };
/* End PBXSourcesBuildPhase section */
/* Begin XCBuildConfiguration section */
D20FE4381AF75ABF18294103 = {isa = XCBuildConfiguration; buildSettings = {ALWAYS_SEARCH_USER_PATHS = NO; CLANG_ENABLE_MODULES = YES; IPHONEOS_DEPLOYMENT_TARGET = 15.0; ONLY_ACTIVE_ARCH = NO; SDKROOT = iphoneos; SWIFT_VERSION = 5.0; }; name = Debug; };
48147C2DF3D92BA11DB71033 = {isa = XCBuildConfiguration; buildSettings = {ALWAYS_SEARCH_USER_PATHS = NO; CLANG_ENABLE_MODULES = YES; IPHONEOS_DEPLOYMENT_TARGET = 15.0; ONLY_ACTIVE_ARCH = NO; SDKROOT = iphoneos; SWIFT_VERSION = 5.0; }; name = Release; };
1A9E10FAAD0A97FB97BCEC18 = {isa = XCBuildConfiguration; buildSettings = {ASSETCATALOG_COMPILER_APPICON_NAME = AppIcon; CODE_SIGN_STYLE = Automatic; "EXCLUDED_ARCHS[sdk=iphonesimulator*]" = arm64; INFOPLIST_FILE = GWYogaDemoApp/Info.plist; IPHONEOS_DEPLOYMENT_TARGET = 15.0; PRODUCT_BUNDLE_IDENTIFIER = com.gwyoga.demo; PRODUCT_NAME = "$(TARGET_NAME)"; SWIFT_VERSION = 5.0; TARGETED_DEVICE_FAMILY = "1,2"; }; name = Debug; };
B79C83306C8ABF7373B5E45C = {isa = XCBuildConfiguration; buildSettings = {ASSETCATALOG_COMPILER_APPICON_NAME = AppIcon; CODE_SIGN_STYLE = Automatic; "EXCLUDED_ARCHS[sdk=iphonesimulator*]" = arm64; INFOPLIST_FILE = GWYogaDemoApp/Info.plist; IPHONEOS_DEPLOYMENT_TARGET = 15.0; PRODUCT_BUNDLE_IDENTIFIER = com.gwyoga.demo; PRODUCT_NAME = "$(TARGET_NAME)"; SWIFT_VERSION = 5.0; TARGETED_DEVICE_FAMILY = "1,2"; }; name = Release; };
/* End XCBuildConfiguration section */
/* Begin XCConfigurationList section */
922D41B3256E9E46EDB76357 = {isa = XCConfigurationList; buildConfigurations = (D20FE4381AF75ABF18294103, 48147C2DF3D92BA11DB71033); defaultConfigurationIsVisible = 0; defaultConfigurationName = Release; };
9264D57D637312A9C39D45FC = {isa = XCConfigurationList; buildConfigurations = (1A9E10FAAD0A97FB97BCEC18, B79C83306C8ABF7373B5E45C); defaultConfigurationIsVisible = 0; defaultConfigurationName = Release; };
/* End XCConfigurationList section */
/* Begin XCLocalSwiftPackageReference section */
011B82C029B392CF0E363268 = {isa = XCLocalSwiftPackageReference; relativePath = .; };
/* End XCLocalSwiftPackageReference section */
/* Begin XCSwiftPackageProductDependency section */
5963EC32EB729E7982FDAAD1 = {isa = XCSwiftPackageProductDependency; productName = GWYogaKit; package = 011B82C029B392CF0E363268; };
6E20C339D2AE86A3754BDFE1 = {isa = XCSwiftPackageProductDependency; productName = GWYoga; package = 011B82C029B392CF0E363268; };
/* End XCSwiftPackageProductDependency section */
};
rootObject = 63A9F0EA7BB98050796B649E;
}